
Microsoft Visual Studio Solution File, Format Version 12.00
# Visual Studio Version 17
VisualStudioVersion = 17.9.34622.214
MinimumVisualStudioVersion = 10.0.40219.1
Project("{FAE04EC0-301F-11D3-BF4B-00C04F79EFBC}") = "Variables_Exercise1", "Variables_Exercise1\Variables_Exercise1.csproj", "{79719ACD-0FA2-48AB-A00C-7D44C2037AB8}"
EndProject
Global
	GlobalSection(SolutionConfigurationPlatforms) = preSolution
		Debug|Any CPU = Debug|Any CPU
		Release|Any CPU = Release|Any CPU
	EndGlobalSection
	GlobalSection(ProjectConfigurationPlatforms) = postSolution
		{79719ACD-0FA2-48AB-A00C-7D44C2037AB8}.Debug|Any CPU.ActiveCfg = Debug|Any CPU
		{79719ACD-0FA2-48AB-A00C-7D44C2037AB8}.Debug|Any CPU.Build.0 = Debug|Any CPU
		{79719ACD-0FA2-48AB-A00C-7D44C2037AB8}.Release|Any CPU.ActiveCfg = Release|Any CPU
		{79719ACD-0FA2-48AB-A00C-7D44C2037AB8}.Release|Any CPU.Build.0 = Release|Any CPU
	EndGlobalSection
	GlobalSection(SolutionProperties) = preSolution
		HideSolutionNode = FALSE
	EndGlobalSection
	GlobalSection(ExtensibilityGlobals) = postSolution
		SolutionGuid = {C5E4B6BF-9551-4563-B013-EA82E2393F3A}
	EndGlobalSection
EndGlobal
